
Microsoft Visual Studio Solution File, Format Version 12.00
# Visual Studio Version 16
VisualStudioVersion = 16.0.31321.278
MinimumVisualStudioVersion = 10.0.40219.1
Project("{FAE04EC0-301F-11D3-BF4B-00C04F79EFBC}") = "ListaDeExercíciosForms", "ListaDeExercíciosForms\ListaDeExercíciosForms.csproj", "{A25D47B3-EF4F-426B-8741-3406DE2C0AFE}"
EndProject
Global
	GlobalSection(SolutionConfigurationPlatforms) = preSolution
		Debug|Any CPU = Debug|Any CPU
		Release|Any CPU = Release|Any CPU
	EndGlobalSection
	GlobalSection(ProjectConfigurationPlatforms) = postSolution
		{A25D47B3-EF4F-426B-8741-3406DE2C0AFE}.Debug|Any CPU.ActiveCfg = Debug|Any CPU
		{A25D47B3-EF4F-426B-8741-3406DE2C0AFE}.Debug|Any CPU.Build.0 = Debug|Any CPU
		{A25D47B3-EF4F-426B-8741-3406DE2C0AFE}.Release|Any CPU.ActiveCfg = Release|Any CPU
		{A25D47B3-EF4F-426B-8741-3406DE2C0AFE}.Release|Any CPU.Build.0 = Release|Any CPU
	EndGlobalSection
	GlobalSection(SolutionProperties) = preSolution
		HideSolutionNode = FALSE
	EndGlobalSection
	GlobalSection(ExtensibilityGlobals) = postSolution
		SolutionGuid = {0FC2EB2E-E065-4839-A043-AE2C19FB5AB1}
	EndGlobalSection
EndGlobal
